
Microsoft Visual Studio Solution File, Format Version 12.00
# Visual Studio Version 16
VisualStudioVersion = 16.0.30804.86
MinimumVisualStudioVersion = 10.0.40219.1
Project("{FAE04EC0-301F-11D3-BF4B-00C04F79EFBC}") = "SolarSolution", "SolarSolution\SolarSolution.csproj", "{16BA6FE9-23F7-44CB-97CB-09CDE07C0D24}"
EndProject
Global
	GlobalSection(SolutionConfigurationPlatforms) = preSolution
		Debug|Any CPU = Debug|Any CPU
		Debug|x86 = Debug|x86
		Release|Any CPU = Release|Any CPU
		Release|x86 = Release|x86
	EndGlobalSection
	GlobalSection(ProjectConfigurationPlatforms) = postSolution
		{16BA6FE9-23F7-44CB-97CB-09CDE07C0D24}.Debug|Any CPU.ActiveCfg = Debug|Any CPU
		{16BA6FE9-23F7-44CB-97CB-09CDE07C0D24}.Debug|Any CPU.Build.0 = Debug|Any CPU
		{16BA6FE9-23F7-44CB-97CB-09CDE07C0D24}.Debug|x86.ActiveCfg = Debug|x86
		{16BA6FE9-23F7-44CB-97CB-09CDE07C0D24}.Debug|x86.Build.0 = Debug|x86
		{16BA6FE9-23F7-44CB-97CB-09CDE07C0D24}.Release|Any CPU.ActiveCfg = Release|Any CPU
		{16BA6FE9-23F7-44CB-97CB-09CDE07C0D24}.Release|Any CPU.Build.0 = Release|Any CPU
		{16BA6FE9-23F7-44CB-97CB-09CDE07C0D24}.Release|x86.ActiveCfg = Release|x86
		{16BA6FE9-23F7-44CB-97CB-09CDE07C0D24}.Release|x86.Build.0 = Release|x86
	EndGlobalSection
	GlobalSection(SolutionProperties) = preSolution
		HideSolutionNode = FALSE
	EndGlobalSection
	GlobalSection(ExtensibilityGlobals) = postSolution
		SolutionGuid = {BB76839B-707D-463A-93AE-C65EA10D1282}
	EndGlobalSection
EndGlobal
